// !$*UTF8*$!
{
	archiveVersion = 1;
	classes = {
	};
	objectVersion = 46;
	objects = {

/* Begin PBXBuildFile section */
		770131301A0555A700C6CC9E /* PreviewScene.swift in Sources */ = {isa = PBXBuildFile; fileRef = 7701312F1A0555A700C6CC9E /* PreviewScene.swift */; };
		770131311A0555A700C6CC9E /* PreviewScene.swift in Sources */ = {isa = PBXBuildFile; fileRef = 7701312F1A0555A700C6CC9E /* PreviewScene.swift */; };
		772A096D1A055F6D000686E0 /* gem-diffuse.png in Resources */ = {isa = PBXBuildFile; fileRef = 772A096B1A055F6D000686E0 /* gem-diffuse.png */; };
		772A096E1A055F6D000686E0 /* gem-diffuse.png in Resources */ = {isa = PBXBuildFile; fileRef = 772A096B1A055F6D000686E0 /* gem-diffuse.png */; };
		772A096F1A055F6D000686E0 /* gem-normal.png in Resources */ = {isa = PBXBuildFile; fileRef = 772A096C1A055F6D000686E0 /* gem-normal.png */; };
		772A09701A055F6D000686E0 /* gem-normal.png in Resources */ = {isa = PBXBuildFile; fileRef = 772A096C1A055F6D000686E0 /* gem-normal.png */; };
		772A09801A05681F000686E0 /* checker.png in Resources */ = {isa = PBXBuildFile; fileRef = 772A097F1A05681F000686E0 /* checker.png */; };
		772A09811A05681F000686E0 /* checker.png in Resources */ = {isa = PBXBuildFile; fileRef = 772A097F1A05681F000686E0 /* checker.png */; };
		772A09891A05D18C000686E0 /* PreviewLayer.swift in Sources */ = {isa = PBXBuildFile; fileRef = 772A09881A05D18C000686E0 /* PreviewLayer.swift */; };
		772A098A1A05D18C000686E0 /* PreviewLayer.swift in Sources */ = {isa = PBXBuildFile; fileRef = 772A09881A05D18C000686E0 /* PreviewLayer.swift */; };
		77C2E4D01A094AB300991492 /* PreviewView.swift in Sources */ = {isa = PBXBuildFile; fileRef = 77C2E4CF1A094AB300991492 /* PreviewView.swift */; };
		77C2E4D11A094AB300991492 /* PreviewView.swift in Sources */ = {isa = PBXBuildFile; fileRef = 77C2E4CF1A094AB300991492 /* PreviewView.swift */; };
		AD167C8F19F6D1C3004A82B3 /* PreviewSettings.swift in Sources */ = {isa = PBXBuildFile; fileRef = AD167C8E19F6D1C3004A82B3 /* PreviewSettings.swift */; };
		AD1F336419FC2DA800BBC4DC /* NewDocument.xib in Resources */ = {isa = PBXBuildFile; fileRef = AD8757DE19FC22C20057B456 /* NewDocument.xib */; };
		AD2A8E9219E9CF6A001586E4 /* TestScene.swift in Sources */ = {isa = PBXBuildFile; fileRef = AD2A8E9119E9CF6A001586E4 /* TestScene.swift */; };
		AD73B24B19FB1B04008B509C /* Document.xcdatamodeld in Sources */ = {isa = PBXBuildFile; fileRef = ADE87F3E19E9A9360041AAB5 /* Document.xcdatamodeld */; };
		AD7C0D3319FB24E800A58201 /* DocumentController.swift in Sources */ = {isa = PBXBuildFile; fileRef = AD7C0D3219FB24E800A58201 /* DocumentController.swift */; };
		AD7C0D3619FB250300A58201 /* DocumentController.swift in Sources */ = {isa = PBXBuildFile; fileRef = AD7C0D3219FB24E800A58201 /* DocumentController.swift */; };
		AD83DDB719F81EA5004EAA77 /* Refraction.swift in Sources */ = {isa = PBXBuildFile; fileRef = AD83DDB619F81EA5004EAA77 /* Refraction.swift */; };
		AD83DDBA19F83CDB004EAA77 /* Refraction.swift in Sources */ = {isa = PBXBuildFile; fileRef = AD83DDB619F81EA5004EAA77 /* Refraction.swift */; };
		AD83DDBC19F9E9BD004EAA77 /* DocumentTests.swift in Sources */ = {isa = PBXBuildFile; fileRef = AD83DDBB19F9E9BD004EAA77 /* DocumentTests.swift */; };
		AD83DDBD19F9EA1F004EAA77 /* Document.swift in Sources */ = {isa = PBXBuildFile; fileRef = ADE87F3919E9A9350041AAB5 /* Document.swift */; };
		AD8757DF19FC22C20057B456 /* NewDocument.xib in Resources */ = {isa = PBXBuildFile; fileRef = AD8757DE19FC22C20057B456 /* NewDocument.xib */; };
		AD8757E319FC2C760057B456 /* NewDocumentController.swift in Sources */ = {isa = PBXBuildFile; fileRef = AD8757E219FC2C760057B456 /* NewDocumentController.swift */; };
		AD8757E419FC2C760057B456 /* NewDocumentController.swift in Sources */ = {isa = PBXBuildFile; fileRef = AD8757E219FC2C760057B456 /* NewDocumentController.swift */; };
		AD898B8C19FC78C4000FF6AF /* DocumentSettings.swift in Sources */ = {isa = PBXBuildFile; fileRef = AD898B8B19FC78C4000FF6AF /* DocumentSettings.swift */; };
		AD898B8D19FC7AE2000FF6AF /* DocumentSettings.swift in Sources */ = {isa = PBXBuildFile; fileRef = AD898B8B19FC78C4000FF6AF /* DocumentSettings.swift */; };
		AD969B1A19F09B5300A2F718 /* WindowController.swift in Sources */ = {isa = PBXBuildFile; fileRef = AD969B1919F09B5300A2F718 /* WindowController.swift */; };
		AD969B1E19F0A0D400A2F718 /* PreviewSettings.xib in Resources */ = {isa = PBXBuildFile; fileRef = AD969B1D19F0A0D400A2F718 /* PreviewSettings.xib */; };
		AD969B2019F0C98800A2F718 /* Application.xib in Resources */ = {isa = PBXBuildFile; fileRef = AD969B1F19F0C98800A2F718 /* Application.xib */; };
		ADB329C219FB437F00E3F9D2 /* PreviewSettings.xib in Resources */ = {isa = PBXBuildFile; fileRef = AD969B1D19F0A0D400A2F718 /* PreviewSettings.xib */; };
		ADB329C519FB438600E3F9D2 /* Application.xib in Resources */ = {isa = PBXBuildFile; fileRef = AD969B1F19F0C98800A2F718 /* Application.xib */; };
		ADB329C619FB438B00E3F9D2 /* MainMenu.xib in Resources */ = {isa = PBXBuildFile; fileRef = ADE87F4319E9A9360041AAB5 /* MainMenu.xib */; };
		ADB329C719FB439100E3F9D2 /* AppDelegate.swift in Sources */ = {isa = PBXBuildFile; fileRef = ADE87F3719E9A9350041AAB5 /* AppDelegate.swift */; };
		ADC4E46C19F9EB1300678A89 /* WindowController.swift in Sources */ = {isa = PBXBuildFile; fileRef = AD969B1919F09B5300A2F718 /* WindowController.swift */; };
		ADC4E46D19F9EB1600678A89 /* PreviewSettings.swift in Sources */ = {isa = PBXBuildFile; fileRef = AD167C8E19F6D1C3004A82B3 /* PreviewSettings.swift */; };
		ADC4E46E19F9EB1900678A89 /* TestScene.swift in Sources */ = {isa = PBXBuildFile; fileRef = AD2A8E9119E9CF6A001586E4 /* TestScene.swift */; };
		ADE87F3819E9A9350041AAB5 /* AppDelegate.swift in Sources */ = {isa = PBXBuildFile; fileRef = ADE87F3719E9A9350041AAB5 /* AppDelegate.swift */; };
		ADE87F3A19E9A9350041AAB5 /* Document.swift in Sources */ = {isa = PBXBuildFile; fileRef = ADE87F3919E9A9350041AAB5 /* Document.swift */; };
		ADE87F4019E9A9360041AAB5 /* Document.xcdatamodeld in Sources */ = {isa = PBXBuildFile; fileRef = ADE87F3E19E9A9360041AAB5 /* Document.xcdatamodeld */; };
		ADE87F4219E9A9360041AAB5 /* Images.xcassets in Resources */ = {isa = PBXBuildFile; fileRef = ADE87F4119E9A9360041AAB5 /* Images.xcassets */; };
		ADE87F4519E9A9360041AAB5 /* MainMenu.xib in Resources */ = {isa = PBXBuildFile; fileRef = ADE87F4319E9A9360041AAB5 /* MainMenu.xib */; };
		ADE87F5119E9A9360041AAB5 /* ParanormalTests.swift in Sources */ = {isa = PBXBuildFile; fileRef = ADE87F5019E9A9360041AAB5 /* ParanormalTests.swift */; };
		ADEE7BD319E9C59200588629 /* OpenAL.framework in Frameworks */ = {isa = PBXBuildFile; fileRef = ADEE7BD219E9C59200588629 /* OpenAL.framework */; };
		ADEE7BD519E9C5D300588629 /* AudioToolbox.framework in Frameworks */ = {isa = PBXBuildFile; fileRef = ADEE7BD419E9C5D300588629 /* AudioToolbox.framework */; };
		ADEE7BD719E9C5D800588629 /* AppKit.framework in Frameworks */ = {isa = PBXBuildFile; fileRef = ADEE7BD619E9C5D800588629 /* AppKit.framework */; };
		ADEE7BD919E9C5DC00588629 /* AVFoundation.framework in Frameworks */ = {isa = PBXBuildFile; fileRef = ADEE7BD819E9C5DC00588629 /* AVFoundation.framework */; };
		ADEE7BDB19E9C5E000588629 /* GLKit.framework in Frameworks */ = {isa = PBXBuildFile; fileRef = ADEE7BDA19E9C5E000588629 /* GLKit.framework */; };
		ADEE7BDD19E9C5E600588629 /* CoreGraphics.framework in Frameworks */ = {isa = PBXBuildFile; fileRef = ADEE7BDC19E9C5E600588629 /* CoreGraphics.framework */; };
		ADEE7BDF19E9C5EB00588629 /* CoreFoundation.framework in Frameworks */ = {isa = PBXBuildFile; fileRef = ADEE7BDE19E9C5EB00588629 /* CoreFoundation.framework */; };
		ADEE7BE119E9C5F300588629 /* QuartzCore.framework in Frameworks */ = {isa = PBXBuildFile; fileRef = ADEE7BE019E9C5F300588629 /* QuartzCore.framework */; };
		ADEE7BE319E9C5FC00588629 /* OpenGL.framework in Frameworks */ = {isa = PBXBuildFile; fileRef = ADEE7BE219E9C5FC00588629 /* OpenGL.framework */; };
		ADEE7DE419E9CCA000588629 /* libcocos2d.a in Frameworks */ = {isa = PBXBuildFile; fileRef = ADEE7DDC19E9C80300588629 /* libcocos2d.a */; };
/* End PBXBuildFile section */

/* Begin PBXContainerItemProxy section */
		ADE87F4B19E9A9360041AAB5 /* PBXContainerItemProxy */ = {
			isa = PBXContainerItemProxy;
			containerPortal = ADE87F2A19E9A9350041AAB5 /* Project object */;
			proxyType = 1;
			remoteGlobalIDString = ADE87F3119E9A9350041AAB5;
			remoteInfo = Paranormal;
		};
		ADEE7DDB19E9C80300588629 /* PBXContainerItemProxy */ = {
			isa = PBXContainerItemProxy;
			containerPortal = ADEE7DD619E9C80300588629 /* cocos2d-osx.xcodeproj */;
			proxyType = 2;
			remoteGlobalIDString = E01E663D121CA00A001A484F;
			remoteInfo = cocos2d;
		};
		ADEE7DDD19E9C80300588629 /* PBXContainerItemProxy */ = {
			isa = PBXContainerItemProxy;
			containerPortal = ADEE7DD619E9C80300588629 /* cocos2d-osx.xcodeproj */;
			proxyType = 2;
			remoteGlobalIDString = D37EE9FC187D4E7700CB5EF2;
			remoteInfo = ObjectiveChipmunk;
		};
/* End PBXContainerItemProxy section */

/* Begin PBXFileReference section */
		7701312F1A0555A700C6CC9E /* PreviewScene.swift */ = {isa = PBXFileReference; fileEncoding = 4; lastKnownFileType = sourcecode.swift; path = PreviewScene.swift; sourceTree = "<group>"; };
		772A096B1A055F6D000686E0 /* gem-diffuse.png */ = {isa = PBXFileReference; lastKnownFileType = image.png; name = "gem-diffuse.png"; path = "../../../../screenshots/gem-diffuse.png"; sourceTree = "<group>"; };
		772A096C1A055F6D000686E0 /* gem-normal.png */ = {isa = PBXFileReference; lastKnownFileType = image.png; name = "gem-normal.png"; path = "../../../../screenshots/gem-normal.png"; sourceTree = "<group>"; };
		772A097F1A05681F000686E0 /* checker.png */ = {isa = PBXFileReference; lastKnownFileType = image.png; name = checker.png; path = ../../../paranormal/Paranormal/Paranormal/Examples/Background/checker.png; sourceTree = "<group>"; };
		772A09881A05D18C000686E0 /* PreviewLayer.swift */ = {isa = PBXFileReference; fileEncoding = 4; lastKnownFileType = sourcecode.swift; path = PreviewLayer.swift; sourceTree = "<group>"; };
		77C2E4CF1A094AB300991492 /* PreviewView.swift */ = {isa = PBXFileReference; fileEncoding = 4; lastKnownFileType = sourcecode.swift; path = PreviewView.swift; sourceTree = "<group>"; };
		AD167C8E19F6D1C3004A82B3 /* PreviewSettings.swift */ = {isa = PBXFileReference; fileEncoding = 4; lastKnownFileType = sourcecode.swift; path = PreviewSettings.swift; sourceTree = "<group>"; };
		AD2A8E9119E9CF6A001586E4 /* TestScene.swift */ = {isa = PBXFileReference; fileEncoding = 4; lastKnownFileType = sourcecode.swift; path = TestScene.swift; sourceTree = "<group>"; };
		AD7C0D3219FB24E800A58201 /* DocumentController.swift */ = {isa = PBXFileReference; fileEncoding = 4; lastKnownFileType = sourcecode.swift; path = DocumentController.swift; sourceTree = "<group>"; };
		AD83DDB619F81EA5004EAA77 /* Refraction.swift */ = {isa = PBXFileReference; fileEncoding = 4; lastKnownFileType = sourcecode.swift; path = Refraction.swift; sourceTree = "<group>"; };
		AD83DDBB19F9E9BD004EAA77 /* DocumentTests.swift */ = {isa = PBXFileReference; fileEncoding = 4; lastKnownFileType = sourcecode.swift; path = DocumentTests.swift; sourceTree = "<group>"; };
		AD8757DE19FC22C20057B456 /* NewDocument.xib */ = {isa = PBXFileReference; fileEncoding = 4; lastKnownFileType = file.xib; path = NewDocument.xib; sourceTree = "<group>"; };
		AD8757E219FC2C760057B456 /* NewDocumentController.swift */ = {isa = PBXFileReference; fileEncoding = 4; lastKnownFileType = sourcecode.swift; path = NewDocumentController.swift; sourceTree = "<group>"; };
		AD898B8B19FC78C4000FF6AF /* DocumentSettings.swift */ = {isa = PBXFileReference; fileEncoding = 4; lastKnownFileType = sourcecode.swift; path = DocumentSettings.swift; sourceTree = "<group>"; };
		AD969B1919F09B5300A2F718 /* WindowController.swift */ = {isa = PBXFileReference; fileEncoding = 4; lastKnownFileType = sourcecode.swift; path = WindowController.swift; sourceTree = "<group>"; };
		AD969B1D19F0A0D400A2F718 /* PreviewSettings.xib */ = {isa = PBXFileReference; fileEncoding = 4; lastKnownFileType = file.xib; path = PreviewSettings.xib; sourceTree = "<group>"; };
		AD969B1F19F0C98800A2F718 /* Application.xib */ = {isa = PBXFileReference; fileEncoding = 4; lastKnownFileType = file.xib; path = Application.xib; sourceTree = "<group>"; };
		ADE87F3219E9A9350041AAB5 /* Paranormal.app */ = {isa = PBXFileReference; explicitFileType = wrapper.application; includeInIndex = 0; path = Paranormal.app; sourceTree = BUILT_PRODUCTS_DIR; };
		ADE87F3619E9A9350041AAB5 /* Info.plist */ = {isa = PBXFileReference; lastKnownFileType = text.plist.xml; path = Info.plist; sourceTree = "<group>"; };
		ADE87F3719E9A9350041AAB5 /* AppDelegate.swift */ = {isa = PBXFileReference; lastKnownFileType = sourcecode.swift; path = AppDelegate.swift; sourceTree = "<group>"; };
		ADE87F3919E9A9350041AAB5 /* Document.swift */ = {isa = PBXFileReference; lastKnownFileType = sourcecode.swift; path = Document.swift; sourceTree = "<group>"; };
		ADE87F3F19E9A9360041AAB5 /* Document.xcdatamodel */ = {isa = PBXFileReference; lastKnownFileType = wrapper.xcdatamodel; path = Document.xcdatamodel; sourceTree = "<group>"; };
		ADE87F4119E9A9360041AAB5 /* Images.xcassets */ = {isa = PBXFileReference; lastKnownFileType = folder.assetcatalog; path = Images.xcassets; sourceTree = "<group>"; };
		ADE87F4419E9A9360041AAB5 /* Base */ = {isa = PBXFileReference; lastKnownFileType = file.xib; name = Base; path = Base.lproj/MainMenu.xib; sourceTree = "<group>"; };
		ADE87F4A19E9A9360041AAB5 /* ParanormalTests.xctest */ = {isa = PBXFileReference; explicitFileType = wrapper.cfbundle; includeInIndex = 0; path = ParanormalTests.xctest; sourceTree = BUILT_PRODUCTS_DIR; };
		ADE87F4F19E9A9360041AAB5 /* Info.plist */ = {isa = PBXFileReference; lastKnownFileType = text.plist.xml; path = Info.plist; sourceTree = "<group>"; };
		ADE87F5019E9A9360041AAB5 /* ParanormalTests.swift */ = {isa = PBXFileReference; lastKnownFileType = sourcecode.swift; path = ParanormalTests.swift; sourceTree = "<group>"; };
		ADEE7BD219E9C59200588629 /* OpenAL.framework */ = {isa = PBXFileReference; lastKnownFileType = wrapper.framework; name = OpenAL.framework; path = System/Library/Frameworks/OpenAL.framework; sourceTree = SDKROOT; };
		ADEE7BD419E9C5D300588629 /* AudioToolbox.framework */ = {isa = PBXFileReference; lastKnownFileType = wrapper.framework; name = AudioToolbox.framework; path = System/Library/Frameworks/AudioToolbox.framework; sourceTree = SDKROOT; };
		ADEE7BD619E9C5D800588629 /* AppKit.framework */ = {isa = PBXFileReference; lastKnownFileType = wrapper.framework; name = AppKit.framework; path = System/Library/Frameworks/AppKit.framework; sourceTree = SDKROOT; };
		ADEE7BD819E9C5DC00588629 /* AVFoundation.framework */ = {isa = PBXFileReference; lastKnownFileType = wrapper.framework; name = AVFoundation.framework; path = System/Library/Frameworks/AVFoundation.framework; sourceTree = SDKROOT; };
		ADEE7BDA19E9C5E000588629 /* GLKit.framework */ = {isa = PBXFileReference; lastKnownFileType = wrapper.framework; name = GLKit.framework; path = System/Library/Frameworks/GLKit.framework; sourceTree = SDKROOT; };
		ADEE7BDC19E9C5E600588629 /* CoreGraphics.framework */ = {isa = PBXFileReference; lastKnownFileType = wrapper.framework; name = CoreGraphics.framework; path = System/Library/Frameworks/CoreGraphics.framework; sourceTree = SDKROOT; };
		ADEE7BDE19E9C5EB00588629 /* CoreFoundation.framework */ = {isa = PBXFileReference; lastKnownFileType = wrapper.framework; name = CoreFoundation.framework; path = System/Library/Frameworks/CoreFoundation.framework; sourceTree = SDKROOT; };
		ADEE7BE019E9C5F300588629 /* QuartzCore.framework */ = {isa = PBXFileReference; lastKnownFileType = wrapper.framework; name = QuartzCore.framework; path = System/Library/Frameworks/QuartzCore.framework; sourceTree = SDKROOT; };
		ADEE7BE219E9C5FC00588629 /* OpenGL.framework */ = {isa = PBXFileReference; lastKnownFileType = wrapper.framework; name = OpenGL.framework; path = System/Library/Frameworks/OpenGL.framework; sourceTree = SDKROOT; };
		ADEE7DD619E9C80300588629 /* cocos2d-osx.xcodeproj */ = {isa = PBXFileReference; lastKnownFileType = "wrapper.pb-project"; name = "cocos2d-osx.xcodeproj"; path = "libs/cocos2d-swift/cocos2d-osx.xcodeproj"; sourceTree = "<group>"; };
		ADEE7DE019E9C89B00588629 /* Paranormal-Bridging-Header.h */ = {isa = PBXFileReference; lastKnownFileType = sourcecode.c.h; path = "Paranormal-Bridging-Header.h"; sourceTree = "<group>"; };
/* End PBXFileReference section */

/* Begin PBXFrameworksBuildPhase section */
		ADE87F2F19E9A9350041AAB5 /* Frameworks */ = {
			isa = PBXFrameworksBuildPhase;
			buildActionMask = 2147483647;
			files = (
				ADEE7DE419E9CCA000588629 /* libcocos2d.a in Frameworks */,
				ADEE7BE319E9C5FC00588629 /* OpenGL.framework in Frameworks */,
				ADEE7BD319E9C59200588629 /* OpenAL.framework in Frameworks */,
				ADEE7BE119E9C5F300588629 /* QuartzCore.framework in Frameworks */,
				ADEE7BDF19E9C5EB00588629 /* CoreFoundation.framework in Frameworks */,
				ADEE7BDD19E9C5E600588629 /* CoreGraphics.framework in Frameworks */,
				ADEE7BDB19E9C5E000588629 /* GLKit.framework in Frameworks */,
				ADEE7BD919E9C5DC00588629 /* AVFoundation.framework in Frameworks */,
				ADEE7BD719E9C5D800588629 /* AppKit.framework in Frameworks */,
				ADEE7BD519E9C5D300588629 /* AudioToolbox.framework in Frameworks */,
			);
			runOnlyForDeploymentPostprocessing = 0;
		};
		ADE87F4719E9A9360041AAB5 /* Frameworks */ = {
			isa = PBXFrameworksBuildPhase;
			buildActionMask = 2147483647;
			files = (
			);
			runOnlyForDeploymentPostprocessing = 0;
		};
/* End PBXFrameworksBuildPhase section */

/* Begin PBXGroup section */
		772A09731A055F99000686E0 /* Examples */ = {
			isa = PBXGroup;
			children = (
				772A097E1A05681F000686E0 /* Background */,
				772A09741A055F99000686E0 /* Diffuse */,
				772A09751A055F99000686E0 /* Normal */,
			);
			name = Examples;
			path = ../../../paranormal/Paranormal/Paranormal/Examples;
			sourceTree = "<group>";
		};
		772A09741A055F99000686E0 /* Diffuse */ = {
			isa = PBXGroup;
			children = (
			);
			path = Diffuse;
			sourceTree = "<group>";
		};
		772A09751A055F99000686E0 /* Normal */ = {
			isa = PBXGroup;
			children = (
			);
			path = Normal;
			sourceTree = "<group>";
		};
		772A097E1A05681F000686E0 /* Background */ = {
			isa = PBXGroup;
			children = (
			);
			path = Background;
			sourceTree = "<group>";
		};
		AD898B8819FC78AB000FF6AF /* DocumentModels */ = {
			isa = PBXGroup;
			children = (
				AD83DDB619F81EA5004EAA77 /* Refraction.swift */,
				AD898B8B19FC78C4000FF6AF /* DocumentSettings.swift */,
			);
			name = DocumentModels;
			sourceTree = "<group>";
		};
		ADE87F2919E9A9340041AAB5 = {
			isa = PBXGroup;
			children = (
				ADE87F3419E9A9350041AAB5 /* Paranormal */,
				ADEE7BD119E9C57100588629 /* libs */,
				ADE87F4D19E9A9360041AAB5 /* ParanormalTests */,
				ADE87F3319E9A9350041AAB5 /* Products */,
				ADEE7DDF19E9C81C00588629 /* Frameworks */,
			);
			sourceTree = "<group>";
		};
		ADE87F3319E9A9350041AAB5 /* Products */ = {
			isa = PBXGroup;
			children = (
				ADE87F3219E9A9350041AAB5 /* Paranormal.app */,
				ADE87F4A19E9A9360041AAB5 /* ParanormalTests.xctest */,
			);
			name = Products;
			sourceTree = "<group>";
		};
		ADE87F3419E9A9350041AAB5 /* Paranormal */ = {
			isa = PBXGroup;
			children = (
				AD898B8819FC78AB000FF6AF /* DocumentModels */,
				ADE87F3719E9A9350041AAB5 /* AppDelegate.swift */,
				772A097F1A05681F000686E0 /* checker.png */,
				772A096B1A055F6D000686E0 /* gem-diffuse.png */,
				772A096C1A055F6D000686E0 /* gem-normal.png */,
				772A09731A055F99000686E0 /* Examples */,
				ADE87F3919E9A9350041AAB5 /* Document.swift */,
				ADE87F4119E9A9360041AAB5 /* Images.xcassets */,
				ADE87F4319E9A9360041AAB5 /* MainMenu.xib */,
				ADE87F3E19E9A9360041AAB5 /* Document.xcdatamodeld */,
				AD969B1F19F0C98800A2F718 /* Application.xib */,
				ADE87F3519E9A9350041AAB5 /* Supporting Files */,
				ADEE7DE019E9C89B00588629 /* Paranormal-Bridging-Header.h */,
				AD2A8E9119E9CF6A001586E4 /* TestScene.swift */,
				AD969B1919F09B5300A2F718 /* WindowController.swift */,
				77C2E4CF1A094AB300991492 /* PreviewView.swift */,
				772A09881A05D18C000686E0 /* PreviewLayer.swift */,
				7701312F1A0555A700C6CC9E /* PreviewScene.swift */,
				AD969B1D19F0A0D400A2F718 /* PreviewSettings.xib */,
				AD167C8E19F6D1C3004A82B3 /* PreviewSettings.swift */,
				AD7C0D3219FB24E800A58201 /* DocumentController.swift */,
				AD8757E219FC2C760057B456 /* NewDocumentController.swift */,
				AD8757DE19FC22C20057B456 /* NewDocument.xib */,
			);
			path = Paranormal;
			sourceTree = "<group>";
		};
		ADE87F3519E9A9350041AAB5 /* Supporting Files */ = {
			isa = PBXGroup;
			children = (
				ADE87F3619E9A9350041AAB5 /* Info.plist */,
			);
			name = "Supporting Files";
			sourceTree = "<group>";
		};
		ADE87F4D19E9A9360041AAB5 /* ParanormalTests */ = {
			isa = PBXGroup;
			children = (
				ADE87F5019E9A9360041AAB5 /* ParanormalTests.swift */,
				ADE87F4E19E9A9360041AAB5 /* Supporting Files */,
				AD83DDBB19F9E9BD004EAA77 /* DocumentTests.swift */,
			);
			path = ParanormalTests;
			sourceTree = "<group>";
		};
		ADE87F4E19E9A9360041AAB5 /* Supporting Files */ = {
			isa = PBXGroup;
			children = (
				ADE87F4F19E9A9360041AAB5 /* Info.plist */,
			);
			name = "Supporting Files";
			sourceTree = "<group>";
		};
		ADEE7BD119E9C57100588629 /* libs */ = {
			isa = PBXGroup;
			children = (
				ADEE7DD619E9C80300588629 /* cocos2d-osx.xcodeproj */,
			);
			name = libs;
			sourceTree = "<group>";
		};
		ADEE7DD719E9C80300588629 /* Products */ = {
			isa = PBXGroup;
			children = (
				ADEE7DDC19E9C80300588629 /* libcocos2d.a */,
				ADEE7DDE19E9C80300588629 /* libObjectiveChipmunk.a */,
			);
			name = Products;
			sourceTree = "<group>";
		};
		ADEE7DDF19E9C81C00588629 /* Frameworks */ = {
			isa = PBXGroup;
			children = (
				ADEE7BE219E9C5FC00588629 /* OpenGL.framework */,
				ADEE7BE019E9C5F300588629 /* QuartzCore.framework */,
				ADEE7BDE19E9C5EB00588629 /* CoreFoundation.framework */,
				ADEE7BDC19E9C5E600588629 /* CoreGraphics.framework */,
				ADEE7BDA19E9C5E000588629 /* GLKit.framework */,
				ADEE7BD819E9C5DC00588629 /* AVFoundation.framework */,
				ADEE7BD619E9C5D800588629 /* AppKit.framework */,
				ADEE7BD419E9C5D300588629 /* AudioToolbox.framework */,
				ADEE7BD219E9C59200588629 /* OpenAL.framework */,
			);
			name = Frameworks;
			sourceTree = "<group>";
		};
/* End PBXGroup section */

/* Begin PBXNativeTarget section */
		ADE87F3119E9A9350041AAB5 /* Paranormal */ = {
			isa = PBXNativeTarget;
			buildConfigurationList = ADE87F5419E9A9360041AAB5 /* Build configuration list for PBXNativeTarget "Paranormal" */;
			buildPhases = (
				ADE87F2E19E9A9350041AAB5 /* Sources */,
				ADE87F2F19E9A9350041AAB5 /* Frameworks */,
				ADE87F3019E9A9350041AAB5 /* Resources */,
			);
			buildRules = (
			);
			dependencies = (
			);
			name = Paranormal;
			productName = Paranormal;
			productReference = ADE87F3219E9A9350041AAB5 /* Paranormal.app */;
			productType = "com.apple.product-type.application";
		};
		ADE87F4919E9A9360041AAB5 /* ParanormalTests */ = {
			isa = PBXNativeTarget;
			buildConfigurationList = ADE87F5719E9A9360041AAB5 /* Build configuration list for PBXNativeTarget "ParanormalTests" */;
			buildPhases = (
				ADE87F4619E9A9360041AAB5 /* Sources */,
				ADE87F4719E9A9360041AAB5 /* Frameworks */,
				ADE87F4819E9A9360041AAB5 /* Resources */,
			);
			buildRules = (
			);
			dependencies = (
				ADE87F4C19E9A9360041AAB5 /* PBXTargetDependency */,
			);
			name = ParanormalTests;
			productName = ParanormalTests;
			productReference = ADE87F4A19E9A9360041AAB5 /* ParanormalTests.xctest */;
			productType = "com.apple.product-type.bundle.unit-test";
		};
/* End PBXNativeTarget section */

/* Begin PBXProject section */
		ADE87F2A19E9A9350041AAB5 /* Project object */ = {
			isa = PBXProject;
			attributes = {
				LastUpgradeCheck = 0610;
				ORGANIZATIONNAME = spritebuilder;
				TargetAttributes = {
					ADE87F3119E9A9350041AAB5 = {
						CreatedOnToolsVersion = 6.1;
					};
					ADE87F4919E9A9360041AAB5 = {
						CreatedOnToolsVersion = 6.1;
						TestTargetID = ADE87F3119E9A9350041AAB5;
					};
				};
			};
			buildConfigurationList = ADE87F2D19E9A9350041AAB5 /* Build configuration list for PBXProject "Paranormal" */;
			compatibilityVersion = "Xcode 3.2";
			developmentRegion = English;
			hasScannedForEncodings = 0;
			knownRegions = (
				en,
				Base,
			);
			mainGroup = ADE87F2919E9A9340041AAB5;
			productRefGroup = ADE87F3319E9A9350041AAB5 /* Products */;
			projectDirPath = "";
			projectReferences = (
				{
					ProductGroup = ADEE7DD719E9C80300588629 /* Products */;
					ProjectRef = ADEE7DD619E9C80300588629 /* cocos2d-osx.xcodeproj */;
				},
			);
			projectRoot = "";
			targets = (
				ADE87F3119E9A9350041AAB5 /* Paranormal */,
				ADE87F4919E9A9360041AAB5 /* ParanormalTests */,
			);
		};
/* End PBXProject section */

/* Begin PBXReferenceProxy section */
		ADEE7DDC19E9C80300588629 /* libcocos2d.a */ = {
			isa = PBXReferenceProxy;
			fileType = archive.ar;
			path = libcocos2d.a;
			remoteRef = ADEE7DDB19E9C80300588629 /* PBXContainerItemProxy */;
			sourceTree = BUILT_PRODUCTS_DIR;
		};
		ADEE7DDE19E9C80300588629 /* libObjectiveChipmunk.a */ = {
			isa = PBXReferenceProxy;
			fileType = archive.ar;
			path = libObjectiveChipmunk.a;
			remoteRef = ADEE7DDD19E9C80300588629 /* PBXContainerItemProxy */;
			sourceTree = BUILT_PRODUCTS_DIR;
		};
/* End PBXReferenceProxy section */

/* Begin PBXResourcesBuildPhase section */
		ADE87F3019E9A9350041AAB5 /* Resources */ = {
			isa = PBXResourcesBuildPhase;
			buildActionMask = 2147483647;
			files = (
				AD969B2019F0C98800A2F718 /* Application.xib in Resources */,
				ADE87F4219E9A9360041AAB5 /* Images.xcassets in Resources */,
				772A096D1A055F6D000686E0 /* gem-diffuse.png in Resources */,
				772A09801A05681F000686E0 /* checker.png in Resources */,
				ADE87F4519E9A9360041AAB5 /* MainMenu.xib in Resources */,
				AD969B1E19F0A0D400A2F718 /* PreviewSettings.xib in Resources */,
				AD8757DF19FC22C20057B456 /* NewDocument.xib in Resources */,
				772A096F1A055F6D000686E0 /* gem-normal.png in Resources */,
			);
			runOnlyForDeploymentPostprocessing = 0;
		};
		ADE87F4819E9A9360041AAB5 /* Resources */ = {
			isa = PBXResourcesBuildPhase;
			buildActionMask = 2147483647;
			files = (
				772A09701A055F6D000686E0 /* gem-normal.png in Resources */,
				ADB329C519FB438600E3F9D2 /* Application.xib in Resources */,
				AD1F336419FC2DA800BBC4DC /* NewDocument.xib in Resources */,
				ADB329C219FB437F00E3F9D2 /* PreviewSettings.xib in Resources */,
				772A09811A05681F000686E0 /* checker.png in Resources */,
				ADB329C619FB438B00E3F9D2 /* MainMenu.xib in Resources */,
				772A096E1A055F6D000686E0 /* gem-diffuse.png in Resources */,
			);
			runOnlyForDeploymentPostprocessing = 0;
		};
/* End PBXResourcesBuildPhase section */

/* Begin PBXSourcesBuildPhase section */
		ADE87F2E19E9A9350041AAB5 /* Sources */ = {
			isa = PBXSourcesBuildPhase;
			buildActionMask = 2147483647;
			files = (
				77C2E4D01A094AB300991492 /* PreviewView.swift in Sources */,
				AD83DDB719F81EA5004EAA77 /* Refraction.swift in Sources */,
				AD898B8C19FC78C4000FF6AF /* DocumentSettings.swift in Sources */,
				AD2A8E9219E9CF6A001586E4 /* TestScene.swift in Sources */,
				AD969B1A19F09B5300A2F718 /* WindowController.swift in Sources */,
				770131301A0555A700C6CC9E /* PreviewScene.swift in Sources */,
				ADE87F4019E9A9360041AAB5 /* Document.xcdatamodeld in Sources */,
				AD8757E319FC2C760057B456 /* NewDocumentController.swift in Sources */,
				ADE87F3A19E9A9350041AAB5 /* Document.swift in Sources */,
				772A09891A05D18C000686E0 /* PreviewLayer.swift in Sources */,
				AD167C8F19F6D1C3004A82B3 /* PreviewSettings.swift in Sources */,
				ADE87F3819E9A9350041AAB5 /* AppDelegate.swift in Sources */,
				AD7C0D3319FB24E800A58201 /* DocumentController.swift in Sources */,
			);
			runOnlyForDeploymentPostprocessing = 0;
		};
		ADE87F4619E9A9360041AAB5 /* Sources */ = {
			isa = PBXSourcesBuildPhase;
			buildActionMask = 2147483647;
			files = (
				ADB329C719FB439100E3F9D2 /* AppDelegate.swift in Sources */,
				ADC4E46E19F9EB1900678A89 /* TestScene.swift in Sources */,
				AD83DDBC19F9E9BD004EAA77 /* DocumentTests.swift in Sources */,
				AD8757E419FC2C760057B456 /* NewDocumentController.swift in Sources */,
				ADC4E46C19F9EB1300678A89 /* WindowController.swift in Sources */,
				77C2E4D11A094AB300991492 /* PreviewView.swift in Sources */,
				AD83DDBA19F83CDB004EAA77 /* Refraction.swift in Sources */,
				770131311A0555A700C6CC9E /* PreviewScene.swift in Sources */,
				ADC4E46D19F9EB1600678A89 /* PreviewSettings.swift in Sources */,
				AD7C0D3619FB250300A58201 /* DocumentController.swift in Sources */,
				AD73B24B19FB1B04008B509C /* Document.xcdatamodeld in Sources */,
				772A098A1A05D18C000686E0 /* PreviewLayer.swift in Sources */,
				AD898B8D19FC7AE2000FF6AF /* DocumentSettings.swift in Sources */,
				ADE87F5119E9A9360041AAB5 /* ParanormalTests.swift in Sources */,
				AD83DDBD19F9EA1F004EAA77 /* Document.swift in Sources */,
			);
			runOnlyForDeploymentPostprocessing = 0;
		};
/* End PBXSourcesBuildPhase section */

/* Begin PBXTargetDependency section */
		ADE87F4C19E9A9360041AAB5 /* PBXTargetDependency */ = {
			isa = PBXTargetDependency;
			target = ADE87F3119E9A9350041AAB5 /* Paranormal */;
			targetProxy = ADE87F4B19E9A9360041AAB5 /* PBXContainerItemProxy */;
		};
/* End PBXTargetDependency section */

/* Begin PBXVariantGroup section */
		ADE87F4319E9A9360041AAB5 /* MainMenu.xib */ = {
			isa = PBXVariantGroup;
			children = (
				ADE87F4419E9A9360041AAB5 /* Base */,
			);
			name = MainMenu.xib;
			sourceTree = "<group>";
		};
/* End PBXVariantGroup section */

/* Begin XCBuildConfiguration section */
		ADE87F5219E9A9360041AAB5 /* Debug */ = {
			isa = XCBuildConfiguration;
			buildSettings = {
				ALWAYS_SEARCH_USER_PATHS = NO;
				CLANG_CXX_LANGUAGE_STANDARD = "gnu++0x";
				CLANG_CXX_LIBRARY = "libc++";
				CLANG_ENABLE_MODULES = YES;
				CLANG_ENABLE_OBJC_ARC = YES;
				CLANG_WARN_BOOL_CONVERSION = YES;
				CLANG_WARN_CONSTANT_CONVERSION = YES;
				CLANG_WARN_DIRECT_OBJC_ISA_USAGE = YES_ERROR;
				CLANG_WARN_EMPTY_BODY = YES;
				CLANG_WARN_ENUM_CONVERSION = YES;
				CLANG_WARN_INT_CONVERSION = YES;
				CLANG_WARN_OBJC_ROOT_CLASS = YES_ERROR;
				CLANG_WARN_UNREACHABLE_CODE = YES;
				CLANG_WARN__DUPLICATE_METHOD_MATCH = YES;
				CODE_SIGN_IDENTITY = "-";
				COPY_PHASE_STRIP = NO;
				ENABLE_STRICT_OBJC_MSGSEND = YES;
				GCC_C_LANGUAGE_STANDARD = gnu99;
				GCC_DYNAMIC_NO_PIC = NO;
				GCC_OPTIMIZATION_LEVEL = 0;
				GCC_PREPROCESSOR_DEFINITIONS = (
					"DEBUG=1",
					"$(inherited)",
				);
				GCC_SYMBOLS_PRIVATE_EXTERN = NO;
				GCC_WARN_64_TO_32_BIT_CONVERSION = YES;
				GCC_WARN_ABOUT_RETURN_TYPE = YES_ERROR;
				GCC_WARN_UNDECLARED_SELECTOR = YES;
				GCC_WARN_UNINITIALIZED_AUTOS = YES_AGGRESSIVE;
				GCC_WARN_UNUSED_FUNCTION = YES;
				GCC_WARN_UNUSED_VARIABLE = YES;
				HEADER_SEARCH_PATHS = (
					"$(inherited)",
					"/Applications/Xcode-Beta.app/Contents/Developer/Toolchains/XcodeDefault.xctoolchain/usr/include",
					"libs/cocos2d-swift/cocos2d/**",
					"libs/cocos2d-swift/external/ObjectAL/**",
					"libs/cocos2d-swift/cocos2d-ui/**",
				);
				MACOSX_DEPLOYMENT_TARGET = 10.9;
				MTL_ENABLE_DEBUG_INFO = YES;
				ONLY_ACTIVE_ARCH = YES;
				OTHER_LDFLAGS = (
					"-ObjC",
					"-lz",
				);
				SDKROOT = macosx;
				SWIFT_OBJC_BRIDGING_HEADER = "Paranormal/Paranormal-Bridging-Header.h";
				SWIFT_OPTIMIZATION_LEVEL = "-Onone";
			};
			name = Debug;
		};
		ADE87F5319E9A9360041AAB5 /* Release */ = {
			isa = XCBuildConfiguration;
			buildSettings = {
				ALWAYS_SEARCH_USER_PATHS = NO;
				CLANG_CXX_LANGUAGE_STANDARD = "gnu++0x";
				CLANG_CXX_LIBRARY = "libc++";
				CLANG_ENABLE_MODULES = YES;
				CLANG_ENABLE_OBJC_ARC = YES;
				CLANG_WARN_BOOL_CONVERSION = YES;
				CLANG_WARN_CONSTANT_CONVERSION = YES;
				CLANG_WARN_DIRECT_OBJC_ISA_USAGE = YES_ERROR;
				CLANG_WARN_EMPTY_BODY = YES;
				CLANG_WARN_ENUM_CONVERSION = YES;
				CLANG_WARN_INT_CONVERSION = YES;
				CLANG_WARN_OBJC_ROOT_CLASS = YES_ERROR;
				CLANG_WARN_UNREACHABLE_CODE = YES;
				CLANG_WARN__DUPLICATE_METHOD_MATCH = YES;
				CODE_SIGN_IDENTITY = "-";
				COPY_PHASE_STRIP = YES;
				DEBUG_INFORMATION_FORMAT = "dwarf-with-dsym";
				ENABLE_NS_ASSERTIONS = NO;
				ENABLE_STRICT_OBJC_MSGSEND = YES;
				GCC_C_LANGUAGE_STANDARD = gnu99;
				GCC_WARN_64_TO_32_BIT_CONVERSION = YES;
				GCC_WARN_ABOUT_RETURN_TYPE = YES_ERROR;
				GCC_WARN_UNDECLARED_SELECTOR = YES;
				GCC_WARN_UNINITIALIZED_AUTOS = YES_AGGRESSIVE;
				GCC_WARN_UNUSED_FUNCTION = YES;
				GCC_WARN_UNUSED_VARIABLE = YES;
				HEADER_SEARCH_PATHS = (
					"$(inherited)",
					"/Applications/Xcode-Beta.app/Contents/Developer/Toolchains/XcodeDefault.xctoolchain/usr/include",
					"libs/cocos2d-swift/cocos2d/**",
					"libs/cocos2d-swift/external/ObjectAL/**",
					"libs/cocos2d-swift/cocos2d-ui/**",
				);
				MACOSX_DEPLOYMENT_TARGET = 10.9;
				MTL_ENABLE_DEBUG_INFO = NO;
				OTHER_LDFLAGS = (
					"-ObjC",
					"-lz",
				);
				SDKROOT = macosx;
				SWIFT_OBJC_BRIDGING_HEADER = "Paranormal/Paranormal-Bridging-Header.h";
			};
			name = Release;
		};
		ADE87F5519E9A9360041AAB5 /* Debug */ = {
			isa = XCBuildConfiguration;
			buildSettings = {
				ASSETCATALOG_COMPILER_APPICON_NAME = AppIcon;
				COMBINE_HIDPI_IMAGES = YES;
				INFOPLIST_FILE = Paranormal/Info.plist;
				LD_RUNPATH_SEARCH_PATHS = "$(inherited) @executable_path/../Frameworks";
				LIBRARY_SEARCH_PATHS = (
					"$(inherited)",
					"$(PROJECT_DIR)/libs/cocos2d-swift/external/Chipmunk/msvc/glew/lib/Release/Win32",
					"$(PROJECT_DIR)/libs/cocos2d-swift/external/Chipmunk/msvc/glfw/lib-msvc100",
					"$(PROJECT_DIR)/libs/cocos2d-swift/external/Chipmunk/xcode/libGLEW/lib",
					"$(PROJECT_DIR)/libs/cocos2d-swift/external/Chipmunk/xcode/libglfw/lib",
				);
				PRODUCT_NAME = "$(TARGET_NAME)";
			};
			name = Debug;
		};
		ADE87F5619E9A9360041AAB5 /* Release */ = {
			isa = XCBuildConfiguration;
			buildSettings = {
				ASSETCATALOG_COMPILER_APPICON_NAME = AppIcon;
				COMBINE_HIDPI_IMAGES = YES;
				INFOPLIST_FILE = Paranormal/Info.plist;
				LD_RUNPATH_SEARCH_PATHS = "$(inherited) @executable_path/../Frameworks";
				LIBRARY_SEARCH_PATHS = (
					"$(inherited)",
					"$(PROJECT_DIR)/libs/cocos2d-swift/external/Chipmunk/msvc/glew/lib/Release/Win32",
					"$(PROJECT_DIR)/libs/cocos2d-swift/external/Chipmunk/msvc/glfw/lib-msvc100",
					"$(PROJECT_DIR)/libs/cocos2d-swift/external/Chipmunk/xcode/libGLEW/lib",
					"$(PROJECT_DIR)/libs/cocos2d-swift/external/Chipmunk/xcode/libglfw/lib",
				);
				PRODUCT_NAME = "$(TARGET_NAME)";
			};
			name = Release;
		};
		ADE87F5819E9A9360041AAB5 /* Debug */ = {
			isa = XCBuildConfiguration;
			buildSettings = {
				BUNDLE_LOADER = "$(TEST_HOST)";
				COMBINE_HIDPI_IMAGES = YES;
				FRAMEWORK_SEARCH_PATHS = (
					"$(DEVELOPER_FRAMEWORKS_DIR)",
					"$(inherited)",
				);
				GCC_PREPROCESSOR_DEFINITIONS = (
					"DEBUG=1",
					"$(inherited)",
				);
				INFOPLIST_FILE = ParanormalTests/Info.plist;
				LD_RUNPATH_SEARCH_PATHS = "$(inherited) @executable_path/../Frameworks @loader_path/../Frameworks";
				PRODUCT_NAME = "$(TARGET_NAME)";
				TEST_HOST = "$(BUILT_PRODUCTS_DIR)/Paranormal.app/Contents/MacOS/Paranormal";
			};
			name = Debug;
		};
		ADE87F5919E9A9360041AAB5 /* Release */ = {
			isa = XCBuildConfiguration;
			buildSettings = {
				BUNDLE_LOADER = "$(TEST_HOST)";
				COMBINE_HIDPI_IMAGES = YES;
				FRAMEWORK_SEARCH_PATHS = (
					"$(DEVELOPER_FRAMEWORKS_DIR)",
					"$(inherited)",
				);
				INFOPLIST_FILE = ParanormalTests/Info.plist;
				LD_RUNPATH_SEARCH_PATHS = "$(inherited) @executable_path/../Frameworks @loader_path/../Frameworks";
				PRODUCT_NAME = "$(TARGET_NAME)";
				TEST_HOST = "$(BUILT_PRODUCTS_DIR)/Paranormal.app/Contents/MacOS/Paranormal";
			};
			name = Release;
		};
/* End XCBuildConfiguration section */

/* Begin XCConfigurationList section */
		ADE87F2D19E9A9350041AAB5 /* Build configuration list for PBXProject "Paranormal" */ = {
			isa = XCConfigurationList;
			buildConfigurations = (
				ADE87F5219E9A9360041AAB5 /* Debug */,
				ADE87F5319E9A9360041AAB5 /* Release */,
			);
			defaultConfigurationIsVisible = 0;
			defaultConfigurationName = Release;
		};
		ADE87F5419E9A9360041AAB5 /* Build configuration list for PBXNativeTarget "Paranormal" */ = {
			isa = XCConfigurationList;
			buildConfigurations = (
				ADE87F5519E9A9360041AAB5 /* Debug */,
				ADE87F5619E9A9360041AAB5 /* Release */,
			);
			defaultConfigurationIsVisible = 0;
			defaultConfigurationName = Release;
		};
		ADE87F5719E9A9360041AAB5 /* Build configuration list for PBXNativeTarget "ParanormalTests" */ = {
			isa = XCConfigurationList;
			buildConfigurations = (
				ADE87F5819E9A9360041AAB5 /* Debug */,
				ADE87F5919E9A9360041AAB5 /* Release */,
			);
			defaultConfigurationIsVisible = 0;
			defaultConfigurationName = Release;
		};
/* End XCConfigurationList section */

/* Begin XCVersionGroup section */
		ADE87F3E19E9A9360041AAB5 /* Document.xcdatamodeld */ = {
			isa = XCVersionGroup;
			children = (
				ADE87F3F19E9A9360041AAB5 /* Document.xcdatamodel */,
			);
			currentVersion = ADE87F3F19E9A9360041AAB5 /* Document.xcdatamodel */;
			path = Document.xcdatamodeld;
			sourceTree = "<group>";
			versionGroupType = wrapper.xcdatamodel;
		};
/* End XCVersionGroup section */
	};
	rootObject = ADE87F2A19E9A9350041AAB5 /* Project object */;
}
